// !$*UTF8*$!
{
	archiveVersion = 1;
	classes = {
	};
	objectVersion = 56;
	objects = {

/* Begin PBXBuildFile section */
		94D526F82A2E154C0075008D /* AppDelegate.swift in Sources */ = {isa = PBXBuildFile; fileRef = 94D526F72A2E154C0075008D /* AppDelegate.swift */; };
		94D526FA2A2E154C0075008D /* SceneDelegate.swift in Sources */ = {isa = PBXBuildFile; fileRef = 94D526F92A2E154C0075008D /* SceneDelegate.swift */; };
		94D526FC2A2E154C0075008D /* RMTabBarController.swift in Sources */ = {isa = PBXBuildFile; fileRef = 94D526FB2A2E154C0075008D /* RMTabBarController.swift */; };
		94D527012A2E15510075008D /* Assets.xcassets in Resources */ = {isa = PBXBuildFile; fileRef = 94D527002A2E15510075008D /* Assets.xcassets */; };
		94D527042A2E15510075008D /* LaunchScreen.storyboard in Resources */ = {isa = PBXBuildFile; fileRef = 94D527022A2E15510075008D /* LaunchScreen.storyboard */; };
		94D527132A2F0F540075008D /* RMLocation.swift in Sources */ = {isa = PBXBuildFile; fileRef = 94D527122A2F0F540075008D /* RMLocation.swift */; };
		94D527152A2F0F6C0075008D /* RMCharacter.swift in Sources */ = {isa = PBXBuildFile; fileRef = 94D527142A2F0F6C0075008D /* RMCharacter.swift */; };
		94D527172A2F0F7B0075008D /* RMEpisode.swift in Sources */ = {isa = PBXBuildFile; fileRef = 94D527162A2F0F7B0075008D /* RMEpisode.swift */; };
		94D5271A2A2F10270075008D /* RMCharacterViewController.swift in Sources */ = {isa = PBXBuildFile; fileRef = 94D527192A2F10270075008D /* RMCharacterViewController.swift */; };
		94D5271C2A2F10410075008D /* RMLocationViewController.swift in Sources */ = {isa = PBXBuildFile; fileRef = 94D5271B2A2F10410075008D /* RMLocationViewController.swift */; };
		94D5271E2A2F10560075008D /* RMEpisodeViewController.swift in Sources */ = {isa = PBXBuildFile; fileRef = 94D5271D2A2F10560075008D /* RMEpisodeViewController.swift */; };
		94D527202A2F106B0075008D /* RMSettingsViewController.swift in Sources */ = {isa = PBXBuildFile; fileRef = 94D5271F2A2F106B0075008D /* RMSettingsViewController.swift */; };
		94D527222A2F42960075008D /* RMService.swift in Sources */ = {isa = PBXBuildFile; fileRef = 94D527212A2F42960075008D /* RMService.swift */; };
		94D527242A2F42A70075008D /* RMREquest.swift in Sources */ = {isa = PBXBuildFile; fileRef = 94D527232A2F42A70075008D /* RMREquest.swift */; };
		94D527262A2F43500075008D /* RMEndpoint.swift in Sources */ = {isa = PBXBuildFile; fileRef = 94D527252A2F43500075008D /* RMEndpoint.swift */; };
/* End PBXBuildFile section */

/* Begin PBXFileReference section */
		94D526F42A2E154C0075008D /* Rick&Morty.app */ = {isa = PBXFileReference; explicitFileType = wrapper.application; includeInIndex = 0; path = "Rick&Morty.app"; sourceTree = BUILT_PRODUCTS_DIR; };
		94D526F72A2E154C0075008D /* AppDelegate.swift */ = {isa = PBXFileReference; lastKnownFileType = sourcecode.swift; path = AppDelegate.swift; sourceTree = "<group>"; };
		94D526F92A2E154C0075008D /* SceneDelegate.swift */ = {isa = PBXFileReference; lastKnownFileType = sourcecode.swift; path = SceneDelegate.swift; sourceTree = "<group>"; };
		94D526FB2A2E154C0075008D /* RMTabBarController.swift */ = {isa = PBXFileReference; lastKnownFileType = sourcecode.swift; path = RMTabBarController.swift; sourceTree = "<group>"; };
		94D527002A2E15510075008D /* Assets.xcassets */ = {isa = PBXFileReference; lastKnownFileType = folder.assetcatalog; path = Assets.xcassets; sourceTree = "<group>"; };
		94D527032A2E15510075008D /* Base */ = {isa = PBXFileReference; lastKnownFileType = file.storyboard; name = Base; path = Base.lproj/LaunchScreen.storyboard; sourceTree = "<group>"; };
		94D527052A2E15510075008D /* Info.plist */ = {isa = PBXFileReference; lastKnownFileType = text.plist.xml; path = Info.plist; sourceTree = "<group>"; };
		94D527122A2F0F540075008D /* RMLocation.swift */ = {isa = PBXFileReference; lastKnownFileType = sourcecode.swift; path = RMLocation.swift; sourceTree = "<group>"; };
		94D527142A2F0F6C0075008D /* RMCharacter.swift */ = {isa = PBXFileReference; lastKnownFileType = sourcecode.swift; path = RMCharacter.swift; sourceTree = "<group>"; };
		94D527162A2F0F7B0075008D /* RMEpisode.swift */ = {isa = PBXFileReference; lastKnownFileType = sourcecode.swift; path = RMEpisode.swift; sourceTree = "<group>"; };
		94D527192A2F10270075008D /* RMCharacterViewController.swift */ = {isa = PBXFileReference; lastKnownFileType = sourcecode.swift; path = RMCharacterViewController.swift; sourceTree = "<group>"; };
		94D5271B2A2F10410075008D /* RMLocationViewController.swift */ = {isa = PBXFileReference; lastKnownFileType = sourcecode.swift; path = RMLocationViewController.swift; sourceTree = "<group>"; };
		94D5271D2A2F10560075008D /* RMEpisodeViewController.swift */ = {isa = PBXFileReference; lastKnownFileType = sourcecode.swift; path = RMEpisodeViewController.swift; sourceTree = "<group>"; };
		94D5271F2A2F106B0075008D /* RMSettingsViewController.swift */ = {isa = PBXFileReference; lastKnownFileType = sourcecode.swift; path = RMSettingsViewController.swift; sourceTree = "<group>"; };
		94D527212A2F42960075008D /* RMService.swift */ = {isa = PBXFileReference; lastKnownFileType = sourcecode.swift; path = RMService.swift; sourceTree = "<group>"; };
		94D527232A2F42A70075008D /* RMREquest.swift */ = {isa = PBXFileReference; lastKnownFileType = sourcecode.swift; path = RMREquest.swift; sourceTree = "<group>"; };
		94D527252A2F43500075008D /* RMEndpoint.swift */ = {isa = PBXFileReference; lastKnownFileType = sourcecode.swift; path = RMEndpoint.swift; sourceTree = "<group>"; };
/* End PBXFileReference section */

/* Begin PBXFrameworksBuildPhase section */
		94D526F12A2E154C0075008D /* Frameworks */ = {
			isa = PBXFrameworksBuildPhase;
			buildActionMask = 2147483647;
			files = (
			);
			runOnlyForDeploymentPostprocessing = 0;
		};
/* End PBXFrameworksBuildPhase section */

/* Begin PBXGroup section */
		94D526EB2A2E154C0075008D = {
			isa = PBXGroup;
			children = (
				94D526F62A2E154C0075008D /* Rick&Morty */,
				94D526F52A2E154C0075008D /* Products */,
			);
			sourceTree = "<group>";
		};
		94D526F52A2E154C0075008D /* Products */ = {
			isa = PBXGroup;
			children = (
				94D526F42A2E154C0075008D /* Rick&Morty.app */,
			);
			name = Products;
			sourceTree = "<group>";
		};
		94D526F62A2E154C0075008D /* Rick&Morty */ = {
			isa = PBXGroup;
			children = (
				94D527102A2F0ED20075008D /* Resources */,
				94D5270F2A2F0ECB0075008D /* Managers */,
				94D5270E2A2F0EB70075008D /* APIClient */,
				94D5270D2A2F0EAB0075008D /* ViewModels */,
				94D527112A2F0F2E0075008D /* Models */,
				94D5270C2A2F0EA10075008D /* Views */,
				94D5270B2A2F0E970075008D /* Controllers */,
				94D527052A2E15510075008D /* Info.plist */,
			);
			path = "Rick&Morty";
			sourceTree = "<group>";
		};
		94D5270B2A2F0E970075008D /* Controllers */ = {
			isa = PBXGroup;
			children = (
				94D527182A2F10020075008D /* Core */,
			);
			path = Controllers;
			sourceTree = "<group>";
		};
		94D5270C2A2F0EA10075008D /* Views */ = {
			isa = PBXGroup;
			children = (
			);
			path = Views;
			sourceTree = "<group>";
		};
		94D5270D2A2F0EAB0075008D /* ViewModels */ = {
			isa = PBXGroup;
			children = (
			);
			path = ViewModels;
			sourceTree = "<group>";
		};
		94D5270E2A2F0EB70075008D /* APIClient */ = {
			isa = PBXGroup;
			children = (
				94D527212A2F42960075008D /* RMService.swift */,
				94D527232A2F42A70075008D /* RMREquest.swift */,
				94D527252A2F43500075008D /* RMEndpoint.swift */,
			);
			path = APIClient;
			sourceTree = "<group>";
		};
		94D5270F2A2F0ECB0075008D /* Managers */ = {
			isa = PBXGroup;
			children = (
			);
			path = Managers;
			sourceTree = "<group>";
		};
		94D527102A2F0ED20075008D /* Resources */ = {
			isa = PBXGroup;
			children = (
				94D526F72A2E154C0075008D /* AppDelegate.swift */,
				94D526F92A2E154C0075008D /* SceneDelegate.swift */,
				94D527002A2E15510075008D /* Assets.xcassets */,
				94D527022A2E15510075008D /* LaunchScreen.storyboard */,
			);
			path = Resources;
			sourceTree = "<group>";
		};
		94D527112A2F0F2E0075008D /* Models */ = {
			isa = PBXGroup;
			children = (
				94D527122A2F0F540075008D /* RMLocation.swift */,
				94D527142A2F0F6C0075008D /* RMCharacter.swift */,
				94D527162A2F0F7B0075008D /* RMEpisode.swift */,
			);
			path = Models;
			sourceTree = "<group>";
		};
		94D527182A2F10020075008D /* Core */ = {
			isa = PBXGroup;
			children = (
				94D526FB2A2E154C0075008D /* RMTabBarController.swift */,
				94D527192A2F10270075008D /* RMCharacterViewController.swift */,
				94D5271B2A2F10410075008D /* RMLocationViewController.swift */,
				94D5271D2A2F10560075008D /* RMEpisodeViewController.swift */,
				94D5271F2A2F106B0075008D /* RMSettingsViewController.swift */,
			);
			path = Core;
			sourceTree = "<group>";
		};
/* End PBXGroup section */

/* Begin PBXNativeTarget section */
		94D526F32A2E154C0075008D /* Rick&Morty */ = {
			isa = PBXNativeTarget;
			buildConfigurationList = 94D527082A2E15510075008D /* Build configuration list for PBXNativeTarget "Rick&Morty" */;
			buildPhases = (
				94D526F02A2E154C0075008D /* Sources */,
				94D526F12A2E154C0075008D /* Frameworks */,
				94D526F22A2E154C0075008D /* Resources */,
			);
			buildRules = (
			);
			dependencies = (
			);
			name = "Rick&Morty";
			productName = "Rick&Morty";
			productReference = 94D526F42A2E154C0075008D /* Rick&Morty.app */;
			productType = "com.apple.product-type.application";
		};
/* End PBXNativeTarget section */

/* Begin PBXProject section */
		94D526EC2A2E154C0075008D /* Project object */ = {
			isa = PBXProject;
			attributes = {
				BuildIndependentTargetsInParallel = 1;
				LastSwiftUpdateCheck = 1420;
				LastUpgradeCheck = 1420;
				TargetAttributes = {
					94D526F32A2E154C0075008D = {
						CreatedOnToolsVersion = 14.2;
					};
				};
			};
			buildConfigurationList = 94D526EF2A2E154C0075008D /* Build configuration list for PBXProject "Rick&Morty" */;
			compatibilityVersion = "Xcode 14.0";
			developmentRegion = en;
			hasScannedForEncodings = 0;
			knownRegions = (
				en,
				Base,
			);
			mainGroup = 94D526EB2A2E154C0075008D;
			productRefGroup = 94D526F52A2E154C0075008D /* Products */;
			projectDirPath = "";
			projectRoot = "";
			targets = (
				94D526F32A2E154C0075008D /* Rick&Morty */,
			);
		};
/* End PBXProject section */

/* Begin PBXResourcesBuildPhase section */
		94D526F22A2E154C0075008D /* Resources */ = {
			isa = PBXResourcesBuildPhase;
			buildActionMask = 2147483647;
			files = (
				94D527042A2E15510075008D /* LaunchScreen.storyboard in Resources */,
				94D527012A2E15510075008D /* Assets.xcassets in Resources */,
			);
			runOnlyForDeploymentPostprocessing = 0;
		};
/* End PBXResourcesBuildPhase section */

/* Begin PBXSourcesBuildPhase section */
		94D526F02A2E154C0075008D /* Sources */ = {
			isa = PBXSourcesBuildPhase;
			buildActionMask = 2147483647;
			files = (
				94D5271C2A2F10410075008D /* RMLocationViewController.swift in Sources */,
				94D527172A2F0F7B0075008D /* RMEpisode.swift in Sources */,
				94D526FC2A2E154C0075008D /* RMTabBarController.swift in Sources */,
				94D5271E2A2F10560075008D /* RMEpisodeViewController.swift in Sources */,
				94D526F82A2E154C0075008D /* AppDelegate.swift in Sources */,
				94D526FA2A2E154C0075008D /* SceneDelegate.swift in Sources */,
				94D527202A2F106B0075008D /* RMSettingsViewController.swift in Sources */,
				94D527222A2F42960075008D /* RMService.swift in Sources */,
				94D527132A2F0F540075008D /* RMLocation.swift in Sources */,
				94D527262A2F43500075008D /* RMEndpoint.swift in Sources */,
				94D527152A2F0F6C0075008D /* RMCharacter.swift in Sources */,
				94D527242A2F42A70075008D /* RMREquest.swift in Sources */,
				94D5271A2A2F10270075008D /* RMCharacterViewController.swift in Sources */,
			);
			runOnlyForDeploymentPostprocessing = 0;
		};
/* End PBXSourcesBuildPhase section */

/* Begin PBXVariantGroup section */
		94D527022A2E15510075008D /* LaunchScreen.storyboard */ = {
			isa = PBXVariantGroup;
			children = (
				94D527032A2E15510075008D /* Base */,
			);
			name = LaunchScreen.storyboard;
			sourceTree = "<group>";
		};
/* End PBXVariantGroup section */

/* Begin XCBuildConfiguration section */
		94D527062A2E15510075008D /* Debug */ = {
			isa = XCBuildConfiguration;
			buildSettings = {
				ALWAYS_SEARCH_USER_PATHS = NO;
				CLANG_ANALYZER_NONNULL = YES;
				CLANG_ANALYZER_NUMBER_OBJECT_CONVERSION = YES_AGGRESSIVE;
				CLANG_CXX_LANGUAGE_STANDARD = "gnu++20";
				CLANG_ENABLE_MODULES = YES;
				CLANG_ENABLE_OBJC_ARC = YES;
				CLANG_ENABLE_OBJC_WEAK = YES;
				CLANG_WARN_BLOCK_CAPTURE_AUTORELEASING = YES;
				CLANG_WARN_BOOL_CONVERSION = YES;
				CLANG_WARN_COMMA = YES;
				CLANG_WARN_CONSTANT_CONVERSION = YES;
				CLANG_WARN_DEPRECATED_OBJC_IMPLEMENTATIONS = YES;
				CLANG_WARN_DIRECT_OBJC_ISA_USAGE = YES_ERROR;
				CLANG_WARN_DOCUMENTATION_COMMENTS = YES;
				CLANG_WARN_EMPTY_BODY = YES;
				CLANG_WARN_ENUM_CONVERSION = YES;
				CLANG_WARN_INFINITE_RECURSION = YES;
				CLANG_WARN_INT_CONVERSION = YES;
				CLANG_WARN_NON_LITERAL_NULL_CONVERSION = YES;
				CLANG_WARN_OBJC_IMPLICIT_RETAIN_SELF = YES;
				CLANG_WARN_OBJC_LITERAL_CONVERSION = YES;
				CLANG_WARN_OBJC_ROOT_CLASS = YES_ERROR;
				CLANG_WARN_QUOTED_INCLUDE_IN_FRAMEWORK_HEADER = YES;
				CLANG_WARN_RANGE_LOOP_ANALYSIS = YES;
				CLANG_WARN_STRICT_PROTOTYPES = YES;
				CLANG_WARN_SUSPICIOUS_MOVE = YES;
				CLANG_WARN_UNGUARDED_AVAILABILITY = YES_AGGRESSIVE;
				CLANG_WARN_UNREACHABLE_CODE = YES;
				CLANG_WARN__DUPLICATE_METHOD_MATCH = YES;
				COPY_PHASE_STRIP = NO;
				DEBUG_INFORMATION_FORMAT = dwarf;
				ENABLE_STRICT_OBJC_MSGSEND = YES;
				ENABLE_TESTABILITY = YES;
				GCC_C_LANGUAGE_STANDARD = gnu11;
				GCC_DYNAMIC_NO_PIC = NO;
				GCC_NO_COMMON_BLOCKS = YES;
				GCC_OPTIMIZATION_LEVEL = 0;
				GCC_PREPROCESSOR_DEFINITIONS = (
					"DEBUG=1",
					"$(inherited)",
				);
				GCC_WARN_64_TO_32_BIT_CONVERSION = YES;
				GCC_WARN_ABOUT_RETURN_TYPE = YES_ERROR;
				GCC_WARN_UNDECLARED_SELECTOR = YES;
				GCC_WARN_UNINITIALIZED_AUTOS = YES_AGGRESSIVE;
				GCC_WARN_UNUSED_FUNCTION = YES;
				GCC_WARN_UNUSED_VARIABLE = YES;
				IPHONEOS_DEPLOYMENT_TARGET = 16.2;
				MTL_ENABLE_DEBUG_INFO = INCLUDE_SOURCE;
				MTL_FAST_MATH = YES;
				ONLY_ACTIVE_ARCH = YES;
				SDKROOT = iphoneos;
				SWIFT_ACTIVE_COMPILATION_CONDITIONS = DEBUG;
				SWIFT_OPTIMIZATION_LEVEL = "-Onone";
			};
			name = Debug;
		};
		94D527072A2E15510075008D /* Release */ = {
			isa = XCBuildConfiguration;
			buildSettings = {
				ALWAYS_SEARCH_USER_PATHS = NO;
				CLANG_ANALYZER_NONNULL = YES;
				CLANG_ANALYZER_NUMBER_OBJECT_CONVERSION = YES_AGGRESSIVE;
				CLANG_CXX_LANGUAGE_STANDARD = "gnu++20";
				CLANG_ENABLE_MODULES = YES;
				CLANG_ENABLE_OBJC_ARC = YES;
				CLANG_ENABLE_OBJC_WEAK = YES;
				CLANG_WARN_BLOCK_CAPTURE_AUTORELEASING = YES;
				CLANG_WARN_BOOL_CONVERSION = YES;
				CLANG_WARN_COMMA = YES;
				CLANG_WARN_CONSTANT_CONVERSION = YES;
				CLANG_WARN_DEPRECATED_OBJC_IMPLEMENTATIONS = YES;
				CLANG_WARN_DIRECT_OBJC_ISA_USAGE = YES_ERROR;
				CLANG_WARN_DOCUMENTATION_COMMENTS = YES;
				CLANG_WARN_EMPTY_BODY = YES;
				CLANG_WARN_ENUM_CONVERSION = YES;
				CLANG_WARN_INFINITE_RECURSION = YES;
				CLANG_WARN_INT_CONVERSION = YES;
				CLANG_WARN_NON_LITERAL_NULL_CONVERSION = YES;
				CLANG_WARN_OBJC_IMPLICIT_RETAIN_SELF = YES;
				CLANG_WARN_OBJC_LITERAL_CONVERSION = YES;
				CLANG_WARN_OBJC_ROOT_CLASS = YES_ERROR;
				CLANG_WARN_QUOTED_INCLUDE_IN_FRAMEWORK_HEADER = YES;
				CLANG_WARN_RANGE_LOOP_ANALYSIS = YES;
				CLANG_WARN_STRICT_PROTOTYPES = YES;
				CLANG_WARN_SUSPICIOUS_MOVE = YES;
				CLANG_WARN_UNGUARDED_AVAILABILITY = YES_AGGRESSIVE;
				CLANG_WARN_UNREACHABLE_CODE = YES;
				CLANG_WARN__DUPLICATE_METHOD_MATCH = YES;
				COPY_PHASE_STRIP = NO;
				DEBUG_INFORMATION_FORMAT = "dwarf-with-dsym";
				ENABLE_NS_ASSERTIONS = NO;
				ENABLE_STRICT_OBJC_MSGSEND = YES;
				GCC_C_LANGUAGE_STANDARD = gnu11;
				GCC_NO_COMMON_BLOCKS = YES;
				GCC_WARN_64_TO_32_BIT_CONVERSION = YES;
				GCC_WARN_ABOUT_RETURN_TYPE = YES_ERROR;
				GCC_WARN_UNDECLARED_SELECTOR = YES;
				GCC_WARN_UNINITIALIZED_AUTOS = YES_AGGRESSIVE;
				GCC_WARN_UNUSED_FUNCTION = YES;
				GCC_WARN_UNUSED_VARIABLE = YES;
				IPHONEOS_DEPLOYMENT_TARGET = 16.2;
				MTL_ENABLE_DEBUG_INFO = NO;
				MTL_FAST_MATH = YES;
				SDKROOT = iphoneos;
				SWIFT_COMPILATION_MODE = wholemodule;
				SWIFT_OPTIMIZATION_LEVEL = "-O";
				VALIDATE_PRODUCT = YES;
			};
			name = Release;
		};
		94D527092A2E15510075008D /* Debug */ = {
			isa = XCBuildConfiguration;
			buildSettings = {
				ASSETCATALOG_COMPILER_APPICON_NAME = AppIcon;
				ASSETCATALOG_COMPILER_GLOBAL_ACCENT_COLOR_NAME = AccentColor;
				CODE_SIGN_STYLE = Automatic;
				CURRENT_PROJECT_VERSION = 1;
				DEVELOPMENT_TEAM = R9DP8RU754;
				GENERATE_INFOPLIST_FILE = YES;
				INFOPLIST_FILE = "Rick&Morty/Info.plist";
				INFOPLIST_KEY_UIApplicationSupportsIndirectInputEvents = YES;
				INFOPLIST_KEY_UILaunchStoryboardName = LaunchScreen;
				INFOPLIST_KEY_UISupportedInterfaceOrientations_iPad = "UIInterfaceOrientationPortrait UIInterfaceOrientationPortraitUpsideDown UIInterfaceOrientationLandscapeLeft UIInterfaceOrientationLandscapeRight";
				INFOPLIST_KEY_UISupportedInterfaceOrientations_iPhone = "UIInterfaceOrientationPortrait UIInterfaceOrientationLandscapeLeft UIInterfaceOrientationLandscapeRight";
				LD_RUNPATH_SEARCH_PATHS = (
					"$(inherited)",
					"@executable_path/Frameworks",
				);
				MARKETING_VERSION = 1.0;
				PRODUCT_BUNDLE_IDENTIFIER = "potatoapp.Rick-Morty";
				PRODUCT_NAME = "$(TARGET_NAME)";
				SWIFT_EMIT_LOC_STRINGS = YES;
				SWIFT_VERSION = 5.0;
				TARGETED_DEVICE_FAMILY = "1,2";
			};
			name = Debug;
		};
		94D5270A2A2E15510075008D /* Release */ = {
			isa = XCBuildConfiguration;
			buildSettings = {
				ASSETCATALOG_COMPILER_APPICON_NAME = AppIcon;
				ASSETCATALOG_COMPILER_GLOBAL_ACCENT_COLOR_NAME = AccentColor;
				CODE_SIGN_STYLE = Automatic;
				CURRENT_PROJECT_VERSION = 1;
				DEVELOPMENT_TEAM = R9DP8RU754;
				GENERATE_INFOPLIST_FILE = YES;
				INFOPLIST_FILE = "Rick&Morty/Info.plist";
				INFOPLIST_KEY_UIApplicationSupportsIndirectInputEvents = YES;
				INFOPLIST_KEY_UILaunchStoryboardName = LaunchScreen;
				INFOPLIST_KEY_UISupportedInterfaceOrientations_iPad = "UIInterfaceOrientationPortrait UIInterfaceOrientationPortraitUpsideDown UIInterfaceOrientationLandscapeLeft UIInterfaceOrientationLandscapeRight";
				INFOPLIST_KEY_UISupportedInterfaceOrientations_iPhone = "UIInterfaceOrientationPortrait UIInterfaceOrientationLandscapeLeft UIInterfaceOrientationLandscapeRight";
				LD_RUNPATH_SEARCH_PATHS = (
					"$(inherited)",
					"@executable_path/Frameworks",
				);
				MARKETING_VERSION = 1.0;
				PRODUCT_BUNDLE_IDENTIFIER = "potatoapp.Rick-Morty";
				PRODUCT_NAME = "$(TARGET_NAME)";
				SWIFT_EMIT_LOC_STRINGS = YES;
				SWIFT_VERSION = 5.0;
				TARGETED_DEVICE_FAMILY = "1,2";
			};
			name = Release;
		};
/* End XCBuildConfiguration section */

/* Begin XCConfigurationList section */
		94D526EF2A2E154C0075008D /* Build configuration list for PBXProject "Rick&Morty" */ = {
			isa = XCConfigurationList;
			buildConfigurations = (
				94D527062A2E15510075008D /* Debug */,
				94D527072A2E15510075008D /* Release */,
			);
			defaultConfigurationIsVisible = 0;
			defaultConfigurationName = Release;
		};
		94D527082A2E15510075008D /* Build configuration list for PBXNativeTarget "Rick&Morty" */ = {
			isa = XCConfigurationList;
			buildConfigurations = (
				94D527092A2E15510075008D /* Debug */,
				94D5270A2A2E15510075008D /* Release */,
			);
			defaultConfigurationIsVisible = 0;
			defaultConfigurationName = Release;
		};
/* End XCConfigurationList section */
	};
	rootObject = 94D526EC2A2E154C0075008D /* Project object */;
}
